// !$*UTF8*$!
{
	archiveVersion = 1;
	classes = {
	};
	objectVersion = 46;
	objects = {

/* Begin PBXBuildFile section */
		0311F4EC1EB3AFCA33EB3FF4 /* Pods_MobileCloudTests.framework in Frameworks */ = {isa = PBXBuildFile; fileRef = 6532DD6E47449649136BC5D5 /* Pods_MobileCloudTests.framework */; };
		0EFE2660CE31D22CD57A53A3 /* Pods_SortingExample.framework in Frameworks */ = {isa = PBXBuildFile; fileRef = DFD701F7D1DA65C7A1A5BBD6 /* Pods_SortingExample.framework */; };
		7BFA65742E8595C6ED40A02D /* Pods_MobileCloud.framework in Frameworks */ = {isa = PBXBuildFile; fileRef = 8942B8F1F3D274915486A346 /* Pods_MobileCloud.framework */; };
		8B27CF0B1F278B5900539118 /* QSCloudJob.swift in Sources */ = {isa = PBXBuildFile; fileRef = 8B27CF091F278B2B00539118 /* QSCloudJob.swift */; };
		8B335EED1F327E5200695DDC /* FFT.swift in Sources */ = {isa = PBXBuildFile; fileRef = 8B335EEC1F327E5200695DDC /* FFT.swift */; };
		8B335EF11F33C16000695DDC /* large.txt in Resources */ = {isa = PBXBuildFile; fileRef = 8B335EEE1F33C16000695DDC /* large.txt */; };
		8B335EF21F33C16000695DDC /* large.txt in Resources */ = {isa = PBXBuildFile; fileRef = 8B335EEE1F33C16000695DDC /* large.txt */; };
		8B335EF31F33C16000695DDC /* medium.txt in Resources */ = {isa = PBXBuildFile; fileRef = 8B335EEF1F33C16000695DDC /* medium.txt */; };
		8B335EF41F33C16000695DDC /* medium.txt in Resources */ = {isa = PBXBuildFile; fileRef = 8B335EEF1F33C16000695DDC /* medium.txt */; };
		8B335EF51F33C16000695DDC /* small.txt in Resources */ = {isa = PBXBuildFile; fileRef = 8B335EF01F33C16000695DDC /* small.txt */; };
		8B335EF61F33C16000695DDC /* small.txt in Resources */ = {isa = PBXBuildFile; fileRef = 8B335EF01F33C16000695DDC /* small.txt */; };
		8B335EF71F33C9A000695DDC /* readTextFile.swift in Sources */ = {isa = PBXBuildFile; fileRef = 8B50BDE01F13001800234576 /* readTextFile.swift */; };
		8B335EF81F33C9A900695DDC /* StreamReader.swift in Sources */ = {isa = PBXBuildFile; fileRef = 8B50BDE21F13001800234576 /* StreamReader.swift */; };
		8B335EF91F33C9B000695DDC /* large.txt in Resources */ = {isa = PBXBuildFile; fileRef = 8B335EEE1F33C16000695DDC /* large.txt */; };
		8B335EFA1F33C9B000695DDC /* medium.txt in Resources */ = {isa = PBXBuildFile; fileRef = 8B335EEF1F33C16000695DDC /* medium.txt */; };
		8B335EFB1F33C9B000695DDC /* small.txt in Resources */ = {isa = PBXBuildFile; fileRef = 8B335EF01F33C16000695DDC /* small.txt */; };
		8B50BDC11F12FF7F00234576 /* MobileCloud.framework in Frameworks */ = {isa = PBXBuildFile; fileRef = 8BD275971EBBFA1900C89F0F /* MobileCloud.framework */; };
		8B50BDC21F12FF7F00234576 /* MobileCloud.framework in Embed Frameworks */ = {isa = PBXBuildFile; fileRef = 8BD275971EBBFA1900C89F0F /* MobileCloud.framework */; settings = {ATTRIBUTES = (CodeSignOnCopy, RemoveHeadersOnCopy, ); }; };
		8B50BDC61F12FF8300234576 /* MobileCloud.framework in Frameworks */ = {isa = PBXBuildFile; fileRef = 8BD275971EBBFA1900C89F0F /* MobileCloud.framework */; };
		8B50BDC71F12FF8300234576 /* MobileCloud.framework in Embed Frameworks */ = {isa = PBXBuildFile; fileRef = 8BD275971EBBFA1900C89F0F /* MobileCloud.framework */; settings = {ATTRIBUTES = (CodeSignOnCopy, RemoveHeadersOnCopy, ); }; };
		8B50BDD81F13000400234576 /* AppDelegate.swift in Sources */ = {isa = PBXBuildFile; fileRef = 8B50BDCF1F13000400234576 /* AppDelegate.swift */; };
		8B50BDD91F13000400234576 /* Assets.xcassets in Resources */ = {isa = PBXBuildFile; fileRef = 8B50BDD01F13000400234576 /* Assets.xcassets */; };
		8B50BDDA1F13000400234576 /* KMP.swift in Sources */ = {isa = PBXBuildFile; fileRef = 8B50BDD11F13000400234576 /* KMP.swift */; };
		8B50BDDB1F13000400234576 /* TextSearchViewController.swift in Sources */ = {isa = PBXBuildFile; fileRef = 8B50BDD21F13000400234576 /* TextSearchViewController.swift */; };
		8B50BDDC1F13000400234576 /* TSCloudletJob.swift in Sources */ = {isa = PBXBuildFile; fileRef = 8B50BDD31F13000400234576 /* TSCloudletJob.swift */; };
		8B50BDDD1F13000400234576 /* TSJob.swift in Sources */ = {isa = PBXBuildFile; fileRef = 8B50BDD41F13000400234576 /* TSJob.swift */; };
		8B50BDDE1F13000400234576 /* TSResult.swift in Sources */ = {isa = PBXBuildFile; fileRef = 8B50BDD51F13000400234576 /* TSResult.swift */; };
		8B50BDDF1F13000400234576 /* TSTask.swift in Sources */ = {isa = PBXBuildFile; fileRef = 8B50BDD61F13000400234576 /* TSTask.swift */; };
		8B50BDE31F13001800234576 /* readTextFile.swift in Sources */ = {isa = PBXBuildFile; fileRef = 8B50BDE01F13001800234576 /* readTextFile.swift */; };
		8B50BDE51F13001800234576 /* StreamReader.swift in Sources */ = {isa = PBXBuildFile; fileRef = 8B50BDE21F13001800234576 /* StreamReader.swift */; };
		8B50BDEC1F13005400234576 /* QuickSort.swift in Sources */ = {isa = PBXBuildFile; fileRef = 8B50BDE71F13005400234576 /* QuickSort.swift */; };
		8B50BDED1F13005400234576 /* QuickSortViewController.swift in Sources */ = {isa = PBXBuildFile; fileRef = 8B50BDE81F13005400234576 /* QuickSortViewController.swift */; };
		8B50BDEE1F13005400234576 /* QSJob.swift in Sources */ = {isa = PBXBuildFile; fileRef = 8B50BDE91F13005400234576 /* QSJob.swift */; };
		8B50BDEF1F13005400234576 /* QSResult.swift in Sources */ = {isa = PBXBuildFile; fileRef = 8B50BDEA1F13005400234576 /* QSResult.swift */; };
		8B50BDF01F13005400234576 /* QSTask.swift in Sources */ = {isa = PBXBuildFile; fileRef = 8B50BDEB1F13005400234576 /* QSTask.swift */; };
		8B50BDF41F13005D00234576 /* AppDelegate.swift in Sources */ = {isa = PBXBuildFile; fileRef = 8B50BDF11F13005D00234576 /* AppDelegate.swift */; };
		8B50BDF51F13005D00234576 /* Assets.xcassets in Resources */ = {isa = PBXBuildFile; fileRef = 8B50BDF21F13005D00234576 /* Assets.xcassets */; };
		8B50BDF61F13005D00234576 /* Info.plist in Resources */ = {isa = PBXBuildFile; fileRef = 8B50BDF31F13005D00234576 /* Info.plist */; };
		8B50BDF91F13006A00234576 /* Main.storyboard in Resources */ = {isa = PBXBuildFile; fileRef = 8B50BDF71F13006A00234576 /* Main.storyboard */; };
		8B50BDFC1F13007500234576 /* Main.storyboard in Resources */ = {isa = PBXBuildFile; fileRef = 8B50BDFA1F13007500234576 /* Main.storyboard */; };
		8B50BDFE1F1300D200234576 /* Info.plist in Resources */ = {isa = PBXBuildFile; fileRef = 8B50BDFD1F1300D200234576 /* Info.plist */; };
		8B50BDFF1F13017A00234576 /* readTextFile.swift in Resources */ = {isa = PBXBuildFile; fileRef = 8B50BDE01F13001800234576 /* readTextFile.swift */; };
		8B50BE011F13017A00234576 /* StreamReader.swift in Resources */ = {isa = PBXBuildFile; fileRef = 8B50BDE21F13001800234576 /* StreamReader.swift */; };
		8B50BF8E1F15860400234576 /* Cloudlet.swift in Sources */ = {isa = PBXBuildFile; fileRef = 8B50BF7E1F15860400234576 /* Cloudlet.swift */; };
		8B50BF8F1F15860400234576 /* CloudletJob.swift in Sources */ = {isa = PBXBuildFile; fileRef = 8B50BF7F1F15860400234576 /* CloudletJob.swift */; };
		8B50BF901F15860400234576 /* MCCoding.swift in Sources */ = {isa = PBXBuildFile; fileRef = 8B50BF801F15860400234576 /* MCCoding.swift */; };
		8B50BF911F15860400234576 /* MCConfig.swift in Sources */ = {isa = PBXBuildFile; fileRef = 8B50BF811F15860400234576 /* MCConfig.swift */; };
		8B50BF921F15860400234576 /* MCJob.swift in Sources */ = {isa = PBXBuildFile; fileRef = 8B50BF821F15860400234576 /* MCJob.swift */; };
		8B50BF931F15860400234576 /* MCNode.swift in Sources */ = {isa = PBXBuildFile; fileRef = 8B50BF831F15860400234576 /* MCNode.swift */; };
		8B50BF941F15860400234576 /* MCResult.swift in Sources */ = {isa = PBXBuildFile; fileRef = 8B50BF841F15860400234576 /* MCResult.swift */; };
		8B50BF951F15860400234576 /* MCTask.swift in Sources */ = {isa = PBXBuildFile; fileRef = 8B50BF851F15860400234576 /* MCTask.swift */; };
		8B50BF961F15860400234576 /* MCTimer.swift in Sources */ = {isa = PBXBuildFile; fileRef = 8B50BF861F15860400234576 /* MCTimer.swift */; };
		8B50BF971F15860400234576 /* MobileCloud.swift in Sources */ = {isa = PBXBuildFile; fileRef = 8B50BF871F15860400234576 /* MobileCloud.swift */; };
		8B50BF981F15860400234576 /* NodesTableViewController.swift in Sources */ = {isa = PBXBuildFile; fileRef = 8B50BF881F15860400234576 /* NodesTableViewController.swift */; };
		8B50BF9B1F15860400234576 /* Utils.swift in Sources */ = {isa = PBXBuildFile; fileRef = 8B50BF8B1F15860400234576 /* Utils.swift */; };
		8B50BFA01F15863300234576 /* Advertiser.swift in Sources */ = {isa = PBXBuildFile; fileRef = 8B50BF9C1F15863300234576 /* Advertiser.swift */; };
		8B50BFA11F15863300234576 /* Browser.swift in Sources */ = {isa = PBXBuildFile; fileRef = 8B50BF9D1F15863300234576 /* Browser.swift */; };
		8B50BFA21F15863300234576 /* Session.swift in Sources */ = {isa = PBXBuildFile; fileRef = 8B50BF9E1F15863300234576 /* Session.swift */; };
		8B50BFA31F15863300234576 /* Transceiver.swift in Sources */ = {isa = PBXBuildFile; fileRef = 8B50BF9F1F15863300234576 /* Transceiver.swift */; };
		8B50BFA91F15866C00234576 /* mandelbrot.swift in Sources */ = {isa = PBXBuildFile; fileRef = 8B50BFA51F15866C00234576 /* mandelbrot.swift */; };
		8B50BFAA1F15866C00234576 /* workload.swift in Sources */ = {isa = PBXBuildFile; fileRef = 8B50BFA61F15866C00234576 /* workload.swift */; };
		8B50BFAB1F15866C00234576 /* workloadResult.swift in Sources */ = {isa = PBXBuildFile; fileRef = 8B50BFA71F15866C00234576 /* workloadResult.swift */; };
		8B50BFAC1F15866C00234576 /* workloadUnits.swift in Sources */ = {isa = PBXBuildFile; fileRef = 8B50BFA81F15866C00234576 /* workloadUnits.swift */; };
		8B50BFAF1F15868E00234576 /* PeerKit.swift in Sources */ = {isa = PBXBuildFile; fileRef = 8B50BFAD1F15868E00234576 /* PeerKit.swift */; };
		8B50BFB01F15868E00234576 /* PeerKit+cloudlet.swift in Sources */ = {isa = PBXBuildFile; fileRef = 8B50BFAE1F15868E00234576 /* PeerKit+cloudlet.swift */; };
		8B50BFF21F159E1F00234576 /* radar.png in Resources */ = {isa = PBXBuildFile; fileRef = 8B50BFF11F159E1F00234576 /* radar.png */; };
		8B7A241E1EBE7F8300F936D7 /* DeviceProfiler.xcdatamodel in Sources */ = {isa = PBXBuildFile; fileRef = 8B7A241D1EBE7F8300F936D7 /* DeviceProfiler.xcdatamodel */; };
		8B7A24251EBE8C9700F936D7 /* MCStoryboard.storyboard in Resources */ = {isa = PBXBuildFile; fileRef = 8B7A24241EBE8C9700F936D7 /* MCStoryboard.storyboard */; };
		8B8387F51EF89CEF0030984F /* (null) in CopyFiles */ = {isa = PBXBuildFile; settings = {ATTRIBUTES = (CodeSignOnCopy, RemoveHeadersOnCopy, ); }; };
		8BA41C681EFD8B3A00CE6D07 /* SwiftEventBus.swift in Sources */ = {isa = PBXBuildFile; fileRef = 8BA41C671EFD8B3A00CE6D07 /* SwiftEventBus.swift */; };
		8BD275A11EBBFA1900C89F0F /* MobileCloud.framework in Frameworks */ = {isa = PBXBuildFile; fileRef = 8BD275971EBBFA1900C89F0F /* MobileCloud.framework */; };
		8BD275A81EBBFA1900C89F0F /* MobileCloud.h in Headers */ = {isa = PBXBuildFile; fileRef = 8BD2759A1EBBFA1900C89F0F /* MobileCloud.h */; settings = {ATTRIBUTES = (Public, ); }; };
		DEF3B6CC7CECF8179EB34F56 /* Pods_SearchingExample.framework in Frameworks */ = {isa = PBXBuildFile; fileRef = 477676540C80D3BADB504EB6 /* Pods_SearchingExample.framework */; };
/* End PBXBuildFile section */

/* Begin PBXContainerItemProxy section */
		8B50BDC31F12FF7F00234576 /* PBXContainerItemProxy */ = {
			isa = PBXContainerItemProxy;
			containerPortal = 8BD2758E1EBBFA1900C89F0F /* Project object */;
			proxyType = 1;
			remoteGlobalIDString = 8BD275961EBBFA1900C89F0F;
			remoteInfo = MobileCloud;
		};
		8B50BDC81F12FF8300234576 /* PBXContainerItemProxy */ = {
			isa = PBXContainerItemProxy;
			containerPortal = 8BD2758E1EBBFA1900C89F0F /* Project object */;
			proxyType = 1;
			remoteGlobalIDString = 8BD275961EBBFA1900C89F0F;
			remoteInfo = MobileCloud;
		};
		8BD275A21EBBFA1900C89F0F /* PBXContainerItemProxy */ = {
			isa = PBXContainerItemProxy;
			containerPortal = 8BD2758E1EBBFA1900C89F0F /* Project object */;
			proxyType = 1;
			remoteGlobalIDString = 8BD275961EBBFA1900C89F0F;
			remoteInfo = MobileCloud;
		};
/* End PBXContainerItemProxy section */

/* Begin PBXCopyFilesBuildPhase section */
		8B50BDC51F12FF7F00234576 /* Embed Frameworks */ = {
			isa = PBXCopyFilesBuildPhase;
			buildActionMask = 2147483647;
			dstPath = "";
			dstSubfolderSpec = 10;
			files = (
				8B50BDC21F12FF7F00234576 /* MobileCloud.framework in Embed Frameworks */,
			);
			name = "Embed Frameworks";
			runOnlyForDeploymentPostprocessing = 0;
		};
		8B50BDCA1F12FF8300234576 /* Embed Frameworks */ = {
			isa = PBXCopyFilesBuildPhase;
			buildActionMask = 2147483647;
			dstPath = "";
			dstSubfolderSpec = 10;
			files = (
				8B50BDC71F12FF8300234576 /* MobileCloud.framework in Embed Frameworks */,
			);
			name = "Embed Frameworks";
			runOnlyForDeploymentPostprocessing = 0;
		};
		8B8387F41EF89CE40030984F /* CopyFiles */ = {
			isa = PBXCopyFilesBuildPhase;
			buildActionMask = 2147483647;
			dstPath = "";
			dstSubfolderSpec = 7;
			files = (
				8B8387F51EF89CEF0030984F /* (null) in CopyFiles */,
			);
			runOnlyForDeploymentPostprocessing = 0;
		};
/* End PBXCopyFilesBuildPhase section */

/* Begin PBXFileReference section */
		0CFA6E7F767D2C35329807E4 /* Pods-SearchingExample.release.xcconfig */ = {isa = PBXFileReference; includeInIndex = 1; lastKnownFileType = text.xcconfig; name = "Pods-SearchingExample.release.xcconfig"; path = "Pods/Target Support Files/Pods-SearchingExample/Pods-SearchingExample.release.xcconfig"; sourceTree = "<group>"; };
		2375701CB46C31BD28504B98 /* Pods-MobileCloud.debug.xcconfig */ = {isa = PBXFileReference; includeInIndex = 1; lastKnownFileType = text.xcconfig; name = "Pods-MobileCloud.debug.xcconfig"; path = "Pods/Target Support Files/Pods-MobileCloud/Pods-MobileCloud.debug.xcconfig"; sourceTree = "<group>"; };
		2DF5E9D58B3822EDCCDD1056 /* Pods-MobileCloudTests.debug.xcconfig */ = {isa = PBXFileReference; includeInIndex = 1; lastKnownFileType = text.xcconfig; name = "Pods-MobileCloudTests.debug.xcconfig"; path = "Pods/Target Support Files/Pods-MobileCloudTests/Pods-MobileCloudTests.debug.xcconfig"; sourceTree = "<group>"; };
		477676540C80D3BADB504EB6 /* Pods_SearchingExample.framework */ = {isa = PBXFileReference; explicitFileType = wrapper.framework; includeInIndex = 0; path = Pods_SearchingExample.framework; sourceTree = BUILT_PRODUCTS_DIR; };
		6532DD6E47449649136BC5D5 /* Pods_MobileCloudTests.framework */ = {isa = PBXFileReference; explicitFileType = wrapper.framework; includeInIndex = 0; path = Pods_MobileCloudTests.framework; sourceTree = BUILT_PRODUCTS_DIR; };
		87F7E9BB88B3DD9DF31572AF /* Pods-SortingExample.release.xcconfig */ = {isa = PBXFileReference; includeInIndex = 1; lastKnownFileType = text.xcconfig; name = "Pods-SortingExample.release.xcconfig"; path = "Pods/Target Support Files/Pods-SortingExample/Pods-SortingExample.release.xcconfig"; sourceTree = "<group>"; };
		8942B8F1F3D274915486A346 /* Pods_MobileCloud.framework */ = {isa = PBXFileReference; explicitFileType = wrapper.framework; includeInIndex = 0; path = Pods_MobileCloud.framework; sourceTree = BUILT_PRODUCTS_DIR; };
		8B27CF091F278B2B00539118 /* QSCloudJob.swift */ = {isa = PBXFileReference; fileEncoding = 4; lastKnownFileType = sourcecode.swift; name = QSCloudJob.swift; path = Examples/SortingExample/QSCloudJob.swift; sourceTree = SOURCE_ROOT; };
		8B335EEC1F327E5200695DDC /* FFT.swift */ = {isa = PBXFileReference; fileEncoding = 4; lastKnownFileType = sourcecode.swift; path = FFT.swift; sourceTree = "<group>"; };
		8B335EEE1F33C16000695DDC /* large.txt */ = {isa = PBXFileReference; fileEncoding = 4; lastKnownFileType = text; name = large.txt; path = Examples/Common/large.txt; sourceTree = SOURCE_ROOT; };
		8B335EEF1F33C16000695DDC /* medium.txt */ = {isa = PBXFileReference; fileEncoding = 4; lastKnownFileType = text; name = medium.txt; path = Examples/Common/medium.txt; sourceTree = SOURCE_ROOT; };
		8B335EF01F33C16000695DDC /* small.txt */ = {isa = PBXFileReference; fileEncoding = 4; lastKnownFileType = text; name = small.txt; path = Examples/Common/small.txt; sourceTree = SOURCE_ROOT; };
		8B50BD7C1F12FD9400234576 /* SearchingExample.app */ = {isa = PBXFileReference; explicitFileType = wrapper.application; includeInIndex = 0; path = SearchingExample.app; sourceTree = BUILT_PRODUCTS_DIR; };
		8B50BD921F12FE4C00234576 /* SortingExample.app */ = {isa = PBXFileReference; explicitFileType = wrapper.application; includeInIndex = 0; path = SortingExample.app; sourceTree = BUILT_PRODUCTS_DIR; };
		8B50BDCF1F13000400234576 /* AppDelegate.swift */ = {isa = PBXFileReference; fileEncoding = 4; lastKnownFileType = sourcecode.swift; name = AppDelegate.swift; path = Examples/SearchingExample/AppDelegate.swift; sourceTree = SOURCE_ROOT; };
		8B50BDD01F13000400234576 /* Assets.xcassets */ = {isa = PBXFileReference; lastKnownFileType = folder.assetcatalog; name = Assets.xcassets; path = Examples/SearchingExample/Assets.xcassets; sourceTree = SOURCE_ROOT; };
		8B50BDD11F13000400234576 /* KMP.swift */ = {isa = PBXFileReference; fileEncoding = 4; lastKnownFileType = sourcecode.swift; name = KMP.swift; path = Examples/SearchingExample/KMP.swift; sourceTree = SOURCE_ROOT; };
		8B50BDD21F13000400234576 /* TextSearchViewController.swift */ = {isa = PBXFileReference; fileEncoding = 4; lastKnownFileType = sourcecode.swift; name = TextSearchViewController.swift; path = Examples/SearchingExample/TextSearchViewController.swift; sourceTree = SOURCE_ROOT; };
		8B50BDD31F13000400234576 /* TSCloudletJob.swift */ = {isa = PBXFileReference; fileEncoding = 4; lastKnownFileType = sourcecode.swift; name = TSCloudletJob.swift; path = Examples/SearchingExample/TSCloudletJob.swift; sourceTree = SOURCE_ROOT; };
		8B50BDD41F13000400234576 /* TSJob.swift */ = {isa = PBXFileReference; fileEncoding = 4; lastKnownFileType = sourcecode.swift; name = TSJob.swift; path = Examples/SearchingExample/TSJob.swift; sourceTree = SOURCE_ROOT; };
		8B50BDD51F13000400234576 /* TSResult.swift */ = {isa = PBXFileReference; fileEncoding = 4; lastKnownFileType = sourcecode.swift; name = TSResult.swift; path = Examples/SearchingExample/TSResult.swift; sourceTree = SOURCE_ROOT; };
		8B50BDD61F13000400234576 /* TSTask.swift */ = {isa = PBXFileReference; fileEncoding = 4; lastKnownFileType = sourcecode.swift; name = TSTask.swift; path = Examples/SearchingExample/TSTask.swift; sourceTree = SOURCE_ROOT; };
		8B50BDE01F13001800234576 /* readTextFile.swift */ = {isa = PBXFileReference; fileEncoding = 4; lastKnownFileType = sourcecode.swift; name = readTextFile.swift; path = Examples/Common/readTextFile.swift; sourceTree = SOURCE_ROOT; };
		8B50BDE21F13001800234576 /* StreamReader.swift */ = {isa = PBXFileReference; fileEncoding = 4; lastKnownFileType = sourcecode.swift; name = StreamReader.swift; path = Examples/Common/StreamReader.swift; sourceTree = SOURCE_ROOT; };
		8B50BDE71F13005400234576 /* QuickSort.swift */ = {isa = PBXFileReference; fileEncoding = 4; lastKnownFileType = sourcecode.swift; name = QuickSort.swift; path = Examples/SortingExample/QuickSort.swift; sourceTree = SOURCE_ROOT; };
		8B50BDE81F13005400234576 /* QuickSortViewController.swift */ = {isa = PBXFileReference; fileEncoding = 4; lastKnownFileType = sourcecode.swift; name = QuickSortViewController.swift; path = Examples/SortingExample/QuickSortViewController.swift; sourceTree = SOURCE_ROOT; };
		8B50BDE91F13005400234576 /* QSJob.swift */ = {isa = PBXFileReference; fileEncoding = 4; lastKnownFileType = sourcecode.swift; name = QSJob.swift; path = Examples/SortingExample/QSJob.swift; sourceTree = SOURCE_ROOT; };
		8B50BDEA1F13005400234576 /* QSResult.swift */ = {isa = PBXFileReference; fileEncoding = 4; lastKnownFileType = sourcecode.swift; name = QSResult.swift; path = Examples/SortingExample/QSResult.swift; sourceTree = SOURCE_ROOT; };
		8B50BDEB1F13005400234576 /* QSTask.swift */ = {isa = PBXFileReference; fileEncoding = 4; lastKnownFileType = sourcecode.swift; name = QSTask.swift; path = Examples/SortingExample/QSTask.swift; sourceTree = SOURCE_ROOT; };
		8B50BDF11F13005D00234576 /* AppDelegate.swift */ = {isa = PBXFileReference; fileEncoding = 4; lastKnownFileType = sourcecode.swift; name = AppDelegate.swift; path = Examples/SortingExample/AppDelegate.swift; sourceTree = SOURCE_ROOT; };
		8B50BDF21F13005D00234576 /* Assets.xcassets */ = {isa = PBXFileReference; lastKnownFileType = folder.assetcatalog; name = Assets.xcassets; path = Examples/SortingExample/Assets.xcassets; sourceTree = SOURCE_ROOT; };
		8B50BDF31F13005D00234576 /* Info.plist */ = {isa = PBXFileReference; fileEncoding = 4; lastKnownFileType = text.plist.xml; name = Info.plist; path = Examples/SortingExample/Info.plist; sourceTree = SOURCE_ROOT; };
		8B50BDF81F13006A00234576 /* Base */ = {isa = PBXFileReference; lastKnownFileType = file.storyboard; name = Base; path = Examples/SortingExample/Base.lproj/Main.storyboard; sourceTree = SOURCE_ROOT; };
		8B50BDFB1F13007500234576 /* Base */ = {isa = PBXFileReference; lastKnownFileType = file.storyboard; name = Base; path = Examples/SearchingExample/Base.lproj/Main.storyboard; sourceTree = SOURCE_ROOT; };
		8B50BDFD1F1300D200234576 /* Info.plist */ = {isa = PBXFileReference; fileEncoding = 4; lastKnownFileType = text.plist.xml; name = Info.plist; path = Examples/SearchingExample/Info.plist; sourceTree = SOURCE_ROOT; };
		8B50BF7E1F15860400234576 /* Cloudlet.swift */ = {isa = PBXFileReference; fileEncoding = 4; lastKnownFileType = sourcecode.swift; name = Cloudlet.swift; path = Classes/Cloudlet.swift; sourceTree = "<group>"; };
		8B50BF7F1F15860400234576 /* CloudletJob.swift */ = {isa = PBXFileReference; fileEncoding = 4; lastKnownFileType = sourcecode.swift; name = CloudletJob.swift; path = Classes/CloudletJob.swift; sourceTree = "<group>"; };
		8B50BF801F15860400234576 /* MCCoding.swift */ = {isa = PBXFileReference; fileEncoding = 4; lastKnownFileType = sourcecode.swift; name = MCCoding.swift; path = Classes/MCCoding.swift; sourceTree = "<group>"; };
		8B50BF811F15860400234576 /* MCConfig.swift */ = {isa = PBXFileReference; fileEncoding = 4; lastKnownFileType = sourcecode.swift; name = MCConfig.swift; path = Classes/MCConfig.swift; sourceTree = "<group>"; };
		8B50BF821F15860400234576 /* MCJob.swift */ = {isa = PBXFileReference; fileEncoding = 4; lastKnownFileType = sourcecode.swift; name = MCJob.swift; path = Classes/MCJob.swift; sourceTree = "<group>"; };
		8B50BF831F15860400234576 /* MCNode.swift */ = {isa = PBXFileReference; fileEncoding = 4; lastKnownFileType = sourcecode.swift; name = MCNode.swift; path = Classes/MCNode.swift; sourceTree = "<group>"; };
		8B50BF841F15860400234576 /* MCResult.swift */ = {isa = PBXFileReference; fileEncoding = 4; lastKnownFileType = sourcecode.swift; name = MCResult.swift; path = Classes/MCResult.swift; sourceTree = "<group>"; };
		8B50BF851F15860400234576 /* MCTask.swift */ = {isa = PBXFileReference; fileEncoding = 4; lastKnownFileType = sourcecode.swift; name = MCTask.swift; path = Classes/MCTask.swift; sourceTree = "<group>"; };
		8B50BF861F15860400234576 /* MCTimer.swift */ = {isa = PBXFileReference; fileEncoding = 4; lastKnownFileType = sourcecode.swift; name = MCTimer.swift; path = Classes/MCTimer.swift; sourceTree = "<group>"; };
		8B50BF871F15860400234576 /* MobileCloud.swift */ = {isa = PBXFileReference; fileEncoding = 4; lastKnownFileType = sourcecode.swift; name = MobileCloud.swift; path = Classes/MobileCloud.swift; sourceTree = "<group>"; };
		8B50BF881F15860400234576 /* NodesTableViewController.swift */ = {isa = PBXFileReference; fileEncoding = 4; lastKnownFileType = sourcecode.swift; name = NodesTableViewController.swift; path = Classes/NodesTableViewController.swift; sourceTree = "<group>"; };
		8B50BF8B1F15860400234576 /* Utils.swift */ = {isa = PBXFileReference; fileEncoding = 4; lastKnownFileType = sourcecode.swift; name = Utils.swift; path = Classes/Utils.swift; sourceTree = "<group>"; };
		8B50BF9C1F15863300234576 /* Advertiser.swift */ = {isa = PBXFileReference; fileEncoding = 4; lastKnownFileType = sourcecode.swift; name = Advertiser.swift; path = PeerKit/Advertiser.swift; sourceTree = "<group>"; };
		8B50BF9D1F15863300234576 /* Browser.swift */ = {isa = PBXFileReference; fileEncoding = 4; lastKnownFileType = sourcecode.swift; name = Browser.swift; path = PeerKit/Browser.swift; sourceTree = "<group>"; };
		8B50BF9E1F15863300234576 /* Session.swift */ = {isa = PBXFileReference; fileEncoding = 4; lastKnownFileType = sourcecode.swift; name = Session.swift; path = PeerKit/Session.swift; sourceTree = "<group>"; };
		8B50BF9F1F15863300234576 /* Transceiver.swift */ = {isa = PBXFileReference; fileEncoding = 4; lastKnownFileType = sourcecode.swift; name = Transceiver.swift; path = PeerKit/Transceiver.swift; sourceTree = "<group>"; };
		8B50BFA51F15866C00234576 /* mandelbrot.swift */ = {isa = PBXFileReference; fileEncoding = 4; lastKnownFileType = sourcecode.swift; name = mandelbrot.swift; path = Benchmarking/mandelbrot.swift; sourceTree = "<group>"; };
		8B50BFA61F15866C00234576 /* workload.swift */ = {isa = PBXFileReference; fileEncoding = 4; lastKnownFileType = sourcecode.swift; name = workload.swift; path = Benchmarking/workload.swift; sourceTree = "<group>"; };
		8B50BFA71F15866C00234576 /* workloadResult.swift */ = {isa = PBXFileReference; fileEncoding = 4; lastKnownFileType = sourcecode.swift; name = workloadResult.swift; path = Benchmarking/workloadResult.swift; sourceTree = "<group>"; };
		8B50BFA81F15866C00234576 /* workloadUnits.swift */ = {isa = PBXFileReference; fileEncoding = 4; lastKnownFileType = sourcecode.swift; name = workloadUnits.swift; path = Benchmarking/workloadUnits.swift; sourceTree = "<group>"; };
		8B50BFAD1F15868E00234576 /* PeerKit.swift */ = {isa = PBXFileReference; fileEncoding = 4; lastKnownFileType = sourcecode.swift; name = PeerKit.swift; path = PeerKit/PeerKit.swift; sourceTree = "<group>"; };
		8B50BFAE1F15868E00234576 /* PeerKit+cloudlet.swift */ = {isa = PBXFileReference; fileEncoding = 4; lastKnownFileType = sourcecode.swift; name = "PeerKit+cloudlet.swift"; path = "PeerKit/PeerKit+cloudlet.swift"; sourceTree = "<group>"; };
		8B50BFF11F159E1F00234576 /* radar.png */ = {isa = PBXFileReference; lastKnownFileType = image.png; path = radar.png; sourceTree = "<group>"; };
		8B7A241D1EBE7F8300F936D7 /* DeviceProfiler.xcdatamodel */ = {isa = PBXFileReference; lastKnownFileType = wrapper.xcdatamodel; path = DeviceProfiler.xcdatamodel; sourceTree = "<group>"; };
		8B7A24241EBE8C9700F936D7 /* MCStoryboard.storyboard */ = {isa = PBXFileReference; fileEncoding = 4; lastKnownFileType = file.storyboard; path = MCStoryboard.storyboard; sourceTree = "<group>"; };
		8BA41C671EFD8B3A00CE6D07 /* SwiftEventBus.swift */ = {isa = PBXFileReference; fileEncoding = 4; lastKnownFileType = sourcecode.swift; path = SwiftEventBus.swift; sourceTree = "<group>"; };
		8BD275971EBBFA1900C89F0F /* MobileCloud.framework */ = {isa = PBXFileReference; explicitFileType = wrapper.framework; includeInIndex = 0; path = MobileCloud.framework; sourceTree = BUILT_PRODUCTS_DIR; };
		8BD2759A1EBBFA1900C89F0F /* MobileCloud.h */ = {isa = PBXFileReference; lastKnownFileType = sourcecode.c.h; path = MobileCloud.h; sourceTree = "<group>"; };
		8BD2759B1EBBFA1900C89F0F /* Info.plist */ = {isa = PBXFileReference; lastKnownFileType = text.plist.xml; path = Info.plist; sourceTree = "<group>"; };
		8BD275A01EBBFA1900C89F0F /* MobileCloudTests.xctest */ = {isa = PBXFileReference; explicitFileType = wrapper.cfbundle; includeInIndex = 0; path = MobileCloudTests.xctest; sourceTree = BUILT_PRODUCTS_DIR; };
		A5A5F983030BE5DAD06F2ECB /* Pods-SearchingExample.debug.xcconfig */ = {isa = PBXFileReference; includeInIndex = 1; lastKnownFileType = text.xcconfig; name = "Pods-SearchingExample.debug.xcconfig"; path = "Pods/Target Support Files/Pods-SearchingExample/Pods-SearchingExample.debug.xcconfig"; sourceTree = "<group>"; };
		B1D2E06FE2EC3B4F13261DB4 /* Pods-MobileCloud.release.xcconfig */ = {isa = PBXFileReference; includeInIndex = 1; lastKnownFileType = text.xcconfig; name = "Pods-MobileCloud.release.xcconfig"; path = "Pods/Target Support Files/Pods-MobileCloud/Pods-MobileCloud.release.xcconfig"; sourceTree = "<group>"; };
		DFD701F7D1DA65C7A1A5BBD6 /* Pods_SortingExample.framework */ = {isa = PBXFileReference; explicitFileType = wrapper.framework; includeInIndex = 0; path = Pods_SortingExample.framework; sourceTree = BUILT_PRODUCTS_DIR; };
		EB7EAEA035A8359B51EDC9C9 /* Pods-SortingExample.debug.xcconfig */ = {isa = PBXFileReference; includeInIndex = 1; lastKnownFileType = text.xcconfig; name = "Pods-SortingExample.debug.xcconfig"; path = "Pods/Target Support Files/Pods-SortingExample/Pods-SortingExample.debug.xcconfig"; sourceTree = "<group>"; };
		F38078D27559B8E2B3F78ACC /* Pods-MobileCloudTests.release.xcconfig */ = {isa = PBXFileReference; includeInIndex = 1; lastKnownFileType = text.xcconfig; name = "Pods-MobileCloudTests.release.xcconfig"; path = "Pods/Target Support Files/Pods-MobileCloudTests/Pods-MobileCloudTests.release.xcconfig"; sourceTree = "<group>"; };
/* End PBXFileReference section */

/* Begin PBXFrameworksBuildPhase section */
		46BF0EA8A4C9D6C6CE731643 /* Frameworks */ = {
			isa = PBXFrameworksBuildPhase;
			buildActionMask = 2147483647;
			files = (
				7BFA65742E8595C6ED40A02D /* Pods_MobileCloud.framework in Frameworks */,
			);
			runOnlyForDeploymentPostprocessing = 0;
		};
		8B50BD791F12FD9400234576 /* Frameworks */ = {
			isa = PBXFrameworksBuildPhase;
			buildActionMask = 2147483647;
			files = (
				8B50BDC11F12FF7F00234576 /* MobileCloud.framework in Frameworks */,
				DEF3B6CC7CECF8179EB34F56 /* Pods_SearchingExample.framework in Frameworks */,
			);
			runOnlyForDeploymentPostprocessing = 0;
		};
		8B50BD8F1F12FE4C00234576 /* Frameworks */ = {
			isa = PBXFrameworksBuildPhase;
			buildActionMask = 2147483647;
			files = (
				8B50BDC61F12FF8300234576 /* MobileCloud.framework in Frameworks */,
				0EFE2660CE31D22CD57A53A3 /* Pods_SortingExample.framework in Frameworks */,
			);
			runOnlyForDeploymentPostprocessing = 0;
		};
		8BD2759D1EBBFA1900C89F0F /* Frameworks */ = {
			isa = PBXFrameworksBuildPhase;
			buildActionMask = 2147483647;
			files = (
				8BD275A11EBBFA1900C89F0F /* MobileCloud.framework in Frameworks */,
				0311F4EC1EB3AFCA33EB3FF4 /* Pods_MobileCloudTests.framework in Frameworks */,
			);
			runOnlyForDeploymentPostprocessing = 0;
		};
/* End PBXFrameworksBuildPhase section */

/* Begin PBXGroup section */
		003FC43693CE61EA035B0845 /* Frameworks */ = {
			isa = PBXGroup;
			children = (
				8942B8F1F3D274915486A346 /* Pods_MobileCloud.framework */,
				6532DD6E47449649136BC5D5 /* Pods_MobileCloudTests.framework */,
				477676540C80D3BADB504EB6 /* Pods_SearchingExample.framework */,
				DFD701F7D1DA65C7A1A5BBD6 /* Pods_SortingExample.framework */,
			);
			name = Frameworks;
			sourceTree = "<group>";
		};
		8B50BD7D1F12FD9400234576 /* SearchingExample */ = {
			isa = PBXGroup;
			children = (
				8B50BDCF1F13000400234576 /* AppDelegate.swift */,
				8B50BDD11F13000400234576 /* KMP.swift */,
				8B50BDD21F13000400234576 /* TextSearchViewController.swift */,
				8B50BDD31F13000400234576 /* TSCloudletJob.swift */,
				8B50BDD41F13000400234576 /* TSJob.swift */,
				8B50BDD51F13000400234576 /* TSResult.swift */,
				8B50BDD61F13000400234576 /* TSTask.swift */,
				8B50BDFA1F13007500234576 /* Main.storyboard */,
				8B50BDFD1F1300D200234576 /* Info.plist */,
				8B50BDD01F13000400234576 /* Assets.xcassets */,
			);
			path = SearchingExample;
			sourceTree = "<group>";
		};
		8B50BD931F12FE4C00234576 /* SortingExample */ = {
			isa = PBXGroup;
			children = (
				8B50BDF11F13005D00234576 /* AppDelegate.swift */,
				8B50BDE71F13005400234576 /* QuickSort.swift */,
				8B50BDE81F13005400234576 /* QuickSortViewController.swift */,
				8B50BDE91F13005400234576 /* QSJob.swift */,
				8B27CF091F278B2B00539118 /* QSCloudJob.swift */,
				8B50BDEA1F13005400234576 /* QSResult.swift */,
				8B50BDEB1F13005400234576 /* QSTask.swift */,
				8B50BDF21F13005D00234576 /* Assets.xcassets */,
				8B50BDF31F13005D00234576 /* Info.plist */,
				8B50BDF71F13006A00234576 /* Main.storyboard */,
			);
			path = SortingExample;
			sourceTree = "<group>";
		};
		8B50BDAA1F12FF0800234576 /* Commons */ = {
			isa = PBXGroup;
			children = (
				8B335EEE1F33C16000695DDC /* large.txt */,
				8B335EEF1F33C16000695DDC /* medium.txt */,
				8B335EF01F33C16000695DDC /* small.txt */,
				8B50BDE01F13001800234576 /* readTextFile.swift */,
				8B50BDE21F13001800234576 /* StreamReader.swift */,
			);
			name = Commons;
			path = ../SearchingExample;
			sourceTree = "<group>";
		};
		8B50BFA41F15864A00234576 /* Benchmarking */ = {
			isa = PBXGroup;
			children = (
				8B50BFA51F15866C00234576 /* mandelbrot.swift */,
				8B50BFA61F15866C00234576 /* workload.swift */,
				8B50BFA71F15866C00234576 /* workloadResult.swift */,
				8B50BFA81F15866C00234576 /* workloadUnits.swift */,
				8B335EEC1F327E5200695DDC /* FFT.swift */,
			);
			name = Benchmarking;
			sourceTree = "<group>";
		};
		8B8388451EF977E80030984F /* PeerKit */ = {
			isa = PBXGroup;
			children = (
				8B50BFAD1F15868E00234576 /* PeerKit.swift */,
				8B50BFAE1F15868E00234576 /* PeerKit+cloudlet.swift */,
				8B50BF9C1F15863300234576 /* Advertiser.swift */,
				8B50BF9D1F15863300234576 /* Browser.swift */,
				8B50BF9E1F15863300234576 /* Session.swift */,
				8B50BF9F1F15863300234576 /* Transceiver.swift */,
			);
			name = PeerKit;
			sourceTree = "<group>";
		};
		8B8388461EF977F70030984F /* Classes */ = {
			isa = PBXGroup;
			children = (
				8B50BF871F15860400234576 /* MobileCloud.swift */,
				8B50BF881F15860400234576 /* NodesTableViewController.swift */,
				8B50BF801F15860400234576 /* MCCoding.swift */,
				8B50BF811F15860400234576 /* MCConfig.swift */,
				8B50BF821F15860400234576 /* MCJob.swift */,
				8B50BF831F15860400234576 /* MCNode.swift */,
				8B50BF841F15860400234576 /* MCResult.swift */,
				8B50BF851F15860400234576 /* MCTask.swift */,
				8B50BF861F15860400234576 /* MCTimer.swift */,
				8B50BF7E1F15860400234576 /* Cloudlet.swift */,
				8B50BF7F1F15860400234576 /* CloudletJob.swift */,
				8B50BF8B1F15860400234576 /* Utils.swift */,
				8B50BFF11F159E1F00234576 /* radar.png */,
			);
			name = Classes;
			sourceTree = "<group>";
		};
		8BA41C261EFB413800CE6D07 /* ThirdPartyLibs */ = {
			isa = PBXGroup;
			children = (
				8B50BFA41F15864A00234576 /* Benchmarking */,
				8B8388451EF977E80030984F /* PeerKit */,
				8BA41C7B1EFE761100CE6D07 /* Swift Event Bus */,
			);
			name = ThirdPartyLibs;
			sourceTree = "<group>";
		};
		8BA41C7B1EFE761100CE6D07 /* Swift Event Bus */ = {
			isa = PBXGroup;
			children = (
				8BA41C671EFD8B3A00CE6D07 /* SwiftEventBus.swift */,
			);
			name = "Swift Event Bus";
			sourceTree = "<group>";
		};
		8BD2758D1EBBFA1900C89F0F = {
			isa = PBXGroup;
			children = (
				8BD275991EBBFA1900C89F0F /* MobileCloud */,
				8B50BD7D1F12FD9400234576 /* SearchingExample */,
				8B50BD931F12FE4C00234576 /* SortingExample */,
				8BD275981EBBFA1900C89F0F /* Products */,
				FD1FF0E320F1DF10648AAD67 /* Pods */,
				003FC43693CE61EA035B0845 /* Frameworks */,
			);
			sourceTree = "<group>";
		};
		8BD275981EBBFA1900C89F0F /* Products */ = {
			isa = PBXGroup;
			children = (
				8BD275971EBBFA1900C89F0F /* MobileCloud.framework */,
				8BD275A01EBBFA1900C89F0F /* MobileCloudTests.xctest */,
				8B50BD7C1F12FD9400234576 /* SearchingExample.app */,
				8B50BD921F12FE4C00234576 /* SortingExample.app */,
			);
			name = Products;
			sourceTree = "<group>";
		};
		8BD275991EBBFA1900C89F0F /* MobileCloud */ = {
			isa = PBXGroup;
			children = (
				8B7A24241EBE8C9700F936D7 /* MCStoryboard.storyboard */,
				8B8388461EF977F70030984F /* Classes */,
				8B7A241D1EBE7F8300F936D7 /* DeviceProfiler.xcdatamodel */,
				8B50BDAA1F12FF0800234576 /* Commons */,
				8BA41C261EFB413800CE6D07 /* ThirdPartyLibs */,
				8BD275BB1EBCC32300C89F0F /* Supporting Files */,
			);
			path = MobileCloud;
			sourceTree = "<group>";
		};
		8BD275BB1EBCC32300C89F0F /* Supporting Files */ = {
			isa = PBXGroup;
			children = (
				8BD2759A1EBBFA1900C89F0F /* MobileCloud.h */,
				8BD2759B1EBBFA1900C89F0F /* Info.plist */,
			);
			name = "Supporting Files";
			sourceTree = "<group>";
		};
		FD1FF0E320F1DF10648AAD67 /* Pods */ = {
			isa = PBXGroup;
			children = (
				2375701CB46C31BD28504B98 /* Pods-MobileCloud.debug.xcconfig */,
				B1D2E06FE2EC3B4F13261DB4 /* Pods-MobileCloud.release.xcconfig */,
				2DF5E9D58B3822EDCCDD1056 /* Pods-MobileCloudTests.debug.xcconfig */,
				F38078D27559B8E2B3F78ACC /* Pods-MobileCloudTests.release.xcconfig */,
				A5A5F983030BE5DAD06F2ECB /* Pods-SearchingExample.debug.xcconfig */,
				0CFA6E7F767D2C35329807E4 /* Pods-SearchingExample.release.xcconfig */,
				EB7EAEA035A8359B51EDC9C9 /* Pods-SortingExample.debug.xcconfig */,
				87F7E9BB88B3DD9DF31572AF /* Pods-SortingExample.release.xcconfig */,
			);
			name = Pods;
			sourceTree = "<group>";
		};
/* End PBXGroup section */

/* Begin PBXHeadersBuildPhase section */
		8BD275941EBBFA1900C89F0F /* Headers */ = {
			isa = PBXHeadersBuildPhase;
			buildActionMask = 2147483647;
			files = (
				8BD275A81EBBFA1900C89F0F /* MobileCloud.h in Headers */,
			);
			runOnlyForDeploymentPostprocessing = 0;
		};
/* End PBXHeadersBuildPhase section */

/* Begin PBXNativeTarget section */
		8B50BD7B1F12FD9400234576 /* SearchingExample */ = {
			isa = PBXNativeTarget;
			buildConfigurationList = 8B50BD8D1F12FD9400234576 /* Build configuration list for PBXNativeTarget "SearchingExample" */;
			buildPhases = (
				E6A5AE120499A98AF8817AAF /* [CP] Check Pods Manifest.lock */,
				8B50BD781F12FD9400234576 /* Sources */,
				8B50BD791F12FD9400234576 /* Frameworks */,
				8B50BD7A1F12FD9400234576 /* Resources */,
				8B50BDC51F12FF7F00234576 /* Embed Frameworks */,
				4FC39A16E47F217616E85DD5 /* [CP] Embed Pods Frameworks */,
				585C4C554832BA6E065F0CF7 /* [CP] Copy Pods Resources */,
			);
			buildRules = (
			);
			dependencies = (
				8B50BDC41F12FF7F00234576 /* PBXTargetDependency */,
			);
			name = SearchingExample;
			productName = SearchingExample;
			productReference = 8B50BD7C1F12FD9400234576 /* SearchingExample.app */;
			productType = "com.apple.product-type.application";
		};
		8B50BD911F12FE4C00234576 /* SortingExample */ = {
			isa = PBXNativeTarget;
			buildConfigurationList = 8B50BDA11F12FE4C00234576 /* Build configuration list for PBXNativeTarget "SortingExample" */;
			buildPhases = (
				BC2D93B25147D4AA3B1447BF /* [CP] Check Pods Manifest.lock */,
				8B50BD8E1F12FE4C00234576 /* Sources */,
				8B50BD8F1F12FE4C00234576 /* Frameworks */,
				8B50BD901F12FE4C00234576 /* Resources */,
				8B50BDCA1F12FF8300234576 /* Embed Frameworks */,
				0D340B6AE81B824F544935FE /* [CP] Embed Pods Frameworks */,
				E4B6B107B69A64AC5750F699 /* [CP] Copy Pods Resources */,
			);
			buildRules = (
			);
			dependencies = (
				8B50BDC91F12FF8300234576 /* PBXTargetDependency */,
			);
			name = SortingExample;
			productName = SortingExample;
			productReference = 8B50BD921F12FE4C00234576 /* SortingExample.app */;
			productType = "com.apple.product-type.application";
		};
		8BD275961EBBFA1900C89F0F /* MobileCloud */ = {
			isa = PBXNativeTarget;
			buildConfigurationList = 8BD275AB1EBBFA1900C89F0F /* Build configuration list for PBXNativeTarget "MobileCloud" */;
			buildPhases = (
				172463C830C44206A5712904 /* [CP] Check Pods Manifest.lock */,
				8BD275941EBBFA1900C89F0F /* Headers */,
				8BD276201EBE09EF00C89F0F /* Sources */,
				46BF0EA8A4C9D6C6CE731643 /* Frameworks */,
				8B7A24221EBE8A9400F936D7 /* Resources */,
				8B8387F41EF89CE40030984F /* CopyFiles */,
				22F92E47C4B9CD3F051D8BC0 /* [CP] Copy Pods Resources */,
			);
			buildRules = (
			);
			dependencies = (
			);
			name = MobileCloud;
			productName = MobileCloud;
			productReference = 8BD275971EBBFA1900C89F0F /* MobileCloud.framework */;
			productType = "com.apple.product-type.framework";
		};
		8BD2759F1EBBFA1900C89F0F /* MobileCloudTests */ = {
			isa = PBXNativeTarget;
			buildConfigurationList = 8BD275AE1EBBFA1900C89F0F /* Build configuration list for PBXNativeTarget "MobileCloudTests" */;
			buildPhases = (
				B15FEBBAC173CAD7EBC85471 /* [CP] Check Pods Manifest.lock */,
				8BD2759C1EBBFA1900C89F0F /* Sources */,
				8BD2759D1EBBFA1900C89F0F /* Frameworks */,
				8BD2759E1EBBFA1900C89F0F /* Resources */,
				0A8C9D81912B66F25F258B4D /* [CP] Embed Pods Frameworks */,
				2C32B49AB10BC2D5A09EEA1F /* [CP] Copy Pods Resources */,
			);
			buildRules = (
			);
			dependencies = (
				8BD275A31EBBFA1900C89F0F /* PBXTargetDependency */,
			);
			name = MobileCloudTests;
			productName = MobileCloudTests;
			productReference = 8BD275A01EBBFA1900C89F0F /* MobileCloudTests.xctest */;
			productType = "com.apple.product-type.bundle.unit-test";
		};
/* End PBXNativeTarget section */

/* Begin PBXProject section */
		8BD2758E1EBBFA1900C89F0F /* Project object */ = {
			isa = PBXProject;
			attributes = {
				LastSwiftUpdateCheck = 0830;
				LastUpgradeCheck = 0830;
				ORGANIZATIONNAME = StAndrews;
				TargetAttributes = {
					8B50BD7B1F12FD9400234576 = {
						CreatedOnToolsVersion = 8.3.3;
						DevelopmentTeam = 2R8KNQM8C5;
						ProvisioningStyle = Automatic;
					};
					8B50BD911F12FE4C00234576 = {
						CreatedOnToolsVersion = 8.3.3;
						DevelopmentTeam = 2R8KNQM8C5;
						LastSwiftMigration = 0830;
						ProvisioningStyle = Automatic;
					};
					8BD275961EBBFA1900C89F0F = {
						CreatedOnToolsVersion = 8.3.2;
						DevelopmentTeam = 2R8KNQM8C5;
						LastSwiftMigration = 0830;
						ProvisioningStyle = Automatic;
					};
					8BD2759F1EBBFA1900C89F0F = {
						CreatedOnToolsVersion = 8.3.2;
						DevelopmentTeam = 2R8KNQM8C5;
						ProvisioningStyle = Automatic;
					};
				};
			};
			buildConfigurationList = 8BD275911EBBFA1900C89F0F /* Build configuration list for PBXProject "MobileCloud" */;
			compatibilityVersion = "Xcode 3.2";
			developmentRegion = English;
			hasScannedForEncodings = 0;
			knownRegions = (
				en,
				Base,
			);
			mainGroup = 8BD2758D1EBBFA1900C89F0F;
			productRefGroup = 8BD275981EBBFA1900C89F0F /* Products */;
			projectDirPath = "";
			projectRoot = "";
			targets = (
				8BD275961EBBFA1900C89F0F /* MobileCloud */,
				8BD2759F1EBBFA1900C89F0F /* MobileCloudTests */,
				8B50BD7B1F12FD9400234576 /* SearchingExample */,
				8B50BD911F12FE4C00234576 /* SortingExample */,
			);
		};
/* End PBXProject section */

/* Begin PBXResourcesBuildPhase section */
		8B50BD7A1F12FD9400234576 /* Resources */ = {
			isa = PBXResourcesBuildPhase;
			buildActionMask = 2147483647;
			files = (
				8B335EF51F33C16000695DDC /* small.txt in Resources */,
				8B50BDFE1F1300D200234576 /* Info.plist in Resources */,
				8B335EF11F33C16000695DDC /* large.txt in Resources */,
				8B50BDD91F13000400234576 /* Assets.xcassets in Resources */,
				8B50BDFC1F13007500234576 /* Main.storyboard in Resources */,
				8B335EF31F33C16000695DDC /* medium.txt in Resources */,
			);
			runOnlyForDeploymentPostprocessing = 0;
		};
		8B50BD901F12FE4C00234576 /* Resources */ = {
			isa = PBXResourcesBuildPhase;
			buildActionMask = 2147483647;
			files = (
				8B50BDFF1F13017A00234576 /* readTextFile.swift in Resources */,
				8B335EF61F33C16000695DDC /* small.txt in Resources */,
				8B335EF41F33C16000695DDC /* medium.txt in Resources */,
				8B335EF21F33C16000695DDC /* large.txt in Resources */,
				8B50BE011F13017A00234576 /* StreamReader.swift in Resources */,
				8B50BDF91F13006A00234576 /* Main.storyboard in Resources */,
				8B50BDF61F13005D00234576 /* Info.plist in Resources */,
				8B50BDF51F13005D00234576 /* Assets.xcassets in Resources */,
			);
			runOnlyForDeploymentPostprocessing = 0;
		};
		8B7A24221EBE8A9400F936D7 /* Resources */ = {
			isa = PBXResourcesBuildPhase;
			buildActionMask = 2147483647;
			files = (
				8B335EFB1F33C9B000695DDC /* small.txt in Resources */,
				8B50BFF21F159E1F00234576 /* radar.png in Resources */,
				8B335EFA1F33C9B000695DDC /* medium.txt in Resources */,
				8B7A24251EBE8C9700F936D7 /* MCStoryboard.storyboard in Resources */,
				8B335EF91F33C9B000695DDC /* large.txt in Resources */,
			);
			runOnlyForDeploymentPostprocessing = 0;
		};
		8BD2759E1EBBFA1900C89F0F /* Resources */ = {
			isa = PBXResourcesBuildPhase;
			buildActionMask = 2147483647;
			files = (
			);
			runOnlyForDeploymentPostprocessing = 0;
		};
/* End PBXResourcesBuildPhase section */

/* Begin PBXShellScriptBuildPhase section */
		0A8C9D81912B66F25F258B4D /* [CP] Embed Pods Frameworks */ = {
			isa = PBXShellScriptBuildPhase;
			buildActionMask = 2147483647;
			files = (
			);
			inputPaths = (
				"${SRCROOT}/Pods/Target Support Files/Pods-MobileCloudTests/Pods-MobileCloudTests-frameworks.sh",
				"${BUILT_PRODUCTS_DIR}/Deviice/Deviice.framework",
				"${BUILT_PRODUCTS_DIR}/Luminous/Luminous.framework",
				"${BUILT_PRODUCTS_DIR}/Starscream/Starscream.framework",
				"${BUILT_PRODUCTS_DIR}/SystemServices/SystemServices.framework",
			);
			name = "[CP] Embed Pods Frameworks";
			outputPaths = (
				"${TARGET_BUILD_DIR}/${FRAMEWORKS_FOLDER_PATH}/Deviice.framework",
				"${TARGET_BUILD_DIR}/${FRAMEWORKS_FOLDER_PATH}/Luminous.framework",
				"${TARGET_BUILD_DIR}/${FRAMEWORKS_FOLDER_PATH}/Starscream.framework",
				"${TARGET_BUILD_DIR}/${FRAMEWORKS_FOLDER_PATH}/SystemServices.framework",
			);
			runOnlyForDeploymentPostprocessing = 0;
			shellPath = /bin/sh;
			shellScript = "\"${SRCROOT}/Pods/Target Support Files/Pods-MobileCloudTests/Pods-MobileCloudTests-frameworks.sh\"\n";
			showEnvVarsInLog = 0;
		};
		0D340B6AE81B824F544935FE /* [CP] Embed Pods Frameworks */ = {
			isa = PBXShellScriptBuildPhase;
			buildActionMask = 2147483647;
			files = (
			);
			inputPaths = (
				"${SRCROOT}/Pods/Target Support Files/Pods-SortingExample/Pods-SortingExample-frameworks.sh",
				"${BUILT_PRODUCTS_DIR}/Deviice/Deviice.framework",
				"${BUILT_PRODUCTS_DIR}/Luminous/Luminous.framework",
				"${BUILT_PRODUCTS_DIR}/Starscream/Starscream.framework",
				"${BUILT_PRODUCTS_DIR}/SystemServices/SystemServices.framework",
			);
			name = "[CP] Embed Pods Frameworks";
			outputPaths = (
				"${TARGET_BUILD_DIR}/${FRAMEWORKS_FOLDER_PATH}/Deviice.framework",
				"${TARGET_BUILD_DIR}/${FRAMEWORKS_FOLDER_PATH}/Luminous.framework",
				"${TARGET_BUILD_DIR}/${FRAMEWORKS_FOLDER_PATH}/Starscream.framework",
				"${TARGET_BUILD_DIR}/${FRAMEWORKS_FOLDER_PATH}/SystemServices.framework",
			);
			runOnlyForDeploymentPostprocessing = 0;
			shellPath = /bin/sh;
			shellScript = "\"${SRCROOT}/Pods/Target Support Files/Pods-SortingExample/Pods-SortingExample-frameworks.sh\"\n";
			showEnvVarsInLog = 0;
		};
		172463C830C44206A5712904 /* [CP] Check Pods Manifest.lock */ = {
			isa = PBXShellScriptBuildPhase;
			buildActionMask = 2147483647;
			files = (
			);
			inputPaths = (
				"${PODS_PODFILE_DIR_PATH}/Podfile.lock",
				"${PODS_ROOT}/Manifest.lock",
			);
			name = "[CP] Check Pods Manifest.lock";
			outputPaths = (
				"$(DERIVED_FILE_DIR)/Pods-MobileCloud-checkManifestLockResult.txt",
			);
			runOnlyForDeploymentPostprocessing = 0;
			shellPath = /bin/sh;
			shellScript = "diff \"${PODS_PODFILE_DIR_PATH}/Podfile.lock\" \"${PODS_ROOT}/Manifest.lock\" > /dev/null\nif [ $? != 0 ] ; then\n    # print error to STDERR\n    echo \"error: The sandbox is not in sync with the Podfile.lock. Run 'pod install' or update your CocoaPods installation.\" >&2\n    exit 1\nfi\n# This output is used by Xcode 'outputs' to avoid re-running this script phase.\necho \"SUCCESS\" > \"${SCRIPT_OUTPUT_FILE_0}\"\n";
			showEnvVarsInLog = 0;
		};
		22F92E47C4B9CD3F051D8BC0 /* [CP] Copy Pods Resources */ = {
			isa = PBXShellScriptBuildPhase;
			buildActionMask = 2147483647;
			files = (
			);
			inputPaths = (
			);
			name = "[CP] Copy Pods Resources";
			outputPaths = (
			);
			runOnlyForDeploymentPostprocessing = 0;
			shellPath = /bin/sh;
			shellScript = "\"${SRCROOT}/Pods/Target Support Files/Pods-MobileCloud/Pods-MobileCloud-resources.sh\"\n";
			showEnvVarsInLog = 0;
		};
		2C32B49AB10BC2D5A09EEA1F /* [CP] Copy Pods Resources */ = {
			isa = PBXShellScriptBuildPhase;
			buildActionMask = 2147483647;
			files = (
			);
			inputPaths = (
			);
			name = "[CP] Copy Pods Resources";
			outputPaths = (
			);
			runOnlyForDeploymentPostprocessing = 0;
			shellPath = /bin/sh;
			shellScript = "\"${SRCROOT}/Pods/Target Support Files/Pods-MobileCloudTests/Pods-MobileCloudTests-resources.sh\"\n";
			showEnvVarsInLog = 0;
		};
		4FC39A16E47F217616E85DD5 /* [CP] Embed Pods Frameworks */ = {
			isa = PBXShellScriptBuildPhase;
			buildActionMask = 2147483647;
			files = (
			);
			inputPaths = (
				"${SRCROOT}/Pods/Target Support Files/Pods-SearchingExample/Pods-SearchingExample-frameworks.sh",
				"${BUILT_PRODUCTS_DIR}/Deviice/Deviice.framework",
				"${BUILT_PRODUCTS_DIR}/Luminous/Luminous.framework",
				"${BUILT_PRODUCTS_DIR}/Starscream/Starscream.framework",
				"${BUILT_PRODUCTS_DIR}/SystemServices/SystemServices.framework",
			);
			name = "[CP] Embed Pods Frameworks";
			outputPaths = (
				"${TARGET_BUILD_DIR}/${FRAMEWORKS_FOLDER_PATH}/Deviice.framework",
				"${TARGET_BUILD_DIR}/${FRAMEWORKS_FOLDER_PATH}/Luminous.framework",
				"${TARGET_BUILD_DIR}/${FRAMEWORKS_FOLDER_PATH}/Starscream.framework",
				"${TARGET_BUILD_DIR}/${FRAMEWORKS_FOLDER_PATH}/SystemServices.framework",
			);
			runOnlyForDeploymentPostprocessing = 0;
			shellPath = /bin/sh;
			shellScript = "\"${SRCROOT}/Pods/Target Support Files/Pods-SearchingExample/Pods-SearchingExample-frameworks.sh\"\n";
			showEnvVarsInLog = 0;
		};
		585C4C554832BA6E065F0CF7 /* [CP] Copy Pods Resources */ = {
			isa = PBXShellScriptBuildPhase;
			buildActionMask = 2147483647;
			files = (
			);
			inputPaths = (
			);
			name = "[CP] Copy Pods Resources";
			outputPaths = (
			);
			runOnlyForDeploymentPostprocessing = 0;
			shellPath = /bin/sh;
			shellScript = "\"${SRCROOT}/Pods/Target Support Files/Pods-SearchingExample/Pods-SearchingExample-resources.sh\"\n";
			showEnvVarsInLog = 0;
		};
		B15FEBBAC173CAD7EBC85471 /* [CP] Check Pods Manifest.lock */ = {
			isa = PBXShellScriptBuildPhase;
			buildActionMask = 2147483647;
			files = (
			);
			inputPaths = (
				"${PODS_PODFILE_DIR_PATH}/Podfile.lock",
				"${PODS_ROOT}/Manifest.lock",
			);
			name = "[CP] Check Pods Manifest.lock";
			outputPaths = (
				"$(DERIVED_FILE_DIR)/Pods-MobileCloudTests-checkManifestLockResult.txt",
			);
			runOnlyForDeploymentPostprocessing = 0;
			shellPath = /bin/sh;
			shellScript = "diff \"${PODS_PODFILE_DIR_PATH}/Podfile.lock\" \"${PODS_ROOT}/Manifest.lock\" > /dev/null\nif [ $? != 0 ] ; then\n    # print error to STDERR\n    echo \"error: The sandbox is not in sync with the Podfile.lock. Run 'pod install' or update your CocoaPods installation.\" >&2\n    exit 1\nfi\n# This output is used by Xcode 'outputs' to avoid re-running this script phase.\necho \"SUCCESS\" > \"${SCRIPT_OUTPUT_FILE_0}\"\n";
			showEnvVarsInLog = 0;
		};
		BC2D93B25147D4AA3B1447BF /* [CP] Check Pods Manifest.lock */ = {
			isa = PBXShellScriptBuildPhase;
			buildActionMask = 2147483647;
			files = (
			);
			inputPaths = (
				"${PODS_PODFILE_DIR_PATH}/Podfile.lock",
				"${PODS_ROOT}/Manifest.lock",
			);
			name = "[CP] Check Pods Manifest.lock";
			outputPaths = (
				"$(DERIVED_FILE_DIR)/Pods-SortingExample-checkManifestLockResult.txt",
			);
			runOnlyForDeploymentPostprocessing = 0;
			shellPath = /bin/sh;
			shellScript = "diff \"${PODS_PODFILE_DIR_PATH}/Podfile.lock\" \"${PODS_ROOT}/Manifest.lock\" > /dev/null\nif [ $? != 0 ] ; then\n    # print error to STDERR\n    echo \"error: The sandbox is not in sync with the Podfile.lock. Run 'pod install' or update your CocoaPods installation.\" >&2\n    exit 1\nfi\n# This output is used by Xcode 'outputs' to avoid re-running this script phase.\necho \"SUCCESS\" > \"${SCRIPT_OUTPUT_FILE_0}\"\n";
			showEnvVarsInLog = 0;
		};
		E4B6B107B69A64AC5750F699 /* [CP] Copy Pods Resources */ = {
			isa = PBXShellScriptBuildPhase;
			buildActionMask = 2147483647;
			files = (
			);
			inputPaths = (
			);
			name = "[CP] Copy Pods Resources";
			outputPaths = (
			);
			runOnlyForDeploymentPostprocessing = 0;
			shellPath = /bin/sh;
			shellScript = "\"${SRCROOT}/Pods/Target Support Files/Pods-SortingExample/Pods-SortingExample-resources.sh\"\n";
			showEnvVarsInLog = 0;
		};
		E6A5AE120499A98AF8817AAF /* [CP] Check Pods Manifest.lock */ = {
			isa = PBXShellScriptBuildPhase;
			buildActionMask = 2147483647;
			files = (
			);
			inputPaths = (
				"${PODS_PODFILE_DIR_PATH}/Podfile.lock",
				"${PODS_ROOT}/Manifest.lock",
			);
			name = "[CP] Check Pods Manifest.lock";
			outputPaths = (
				"$(DERIVED_FILE_DIR)/Pods-SearchingExample-checkManifestLockResult.txt",
			);
			runOnlyForDeploymentPostprocessing = 0;
			shellPath = /bin/sh;
			shellScript = "diff \"${PODS_PODFILE_DIR_PATH}/Podfile.lock\" \"${PODS_ROOT}/Manifest.lock\" > /dev/null\nif [ $? != 0 ] ; then\n    # print error to STDERR\n    echo \"error: The sandbox is not in sync with the Podfile.lock. Run 'pod install' or update your CocoaPods installation.\" >&2\n    exit 1\nfi\n# This output is used by Xcode 'outputs' to avoid re-running this script phase.\necho \"SUCCESS\" > \"${SCRIPT_OUTPUT_FILE_0}\"\n";
			showEnvVarsInLog = 0;
		};
/* End PBXShellScriptBuildPhase section */

/* Begin PBXSourcesBuildPhase section */
		8B50BD781F12FD9400234576 /* Sources */ = {
			isa = PBXSourcesBuildPhase;
			buildActionMask = 2147483647;
			files = (
				8B50BDDF1F13000400234576 /* TSTask.swift in Sources */,
				8B50BDDE1F13000400234576 /* TSResult.swift in Sources */,
				8B50BDDB1F13000400234576 /* TextSearchViewController.swift in Sources */,
				8B50BDE51F13001800234576 /* StreamReader.swift in Sources */,
				8B50BDDD1F13000400234576 /* TSJob.swift in Sources */,
				8B50BDDA1F13000400234576 /* KMP.swift in Sources */,
				8B50BDD81F13000400234576 /* AppDelegate.swift in Sources */,
				8B50BDE31F13001800234576 /* readTextFile.swift in Sources */,
				8B50BDDC1F13000400234576 /* TSCloudletJob.swift in Sources */,
			);
			runOnlyForDeploymentPostprocessing = 0;
		};
		8B50BD8E1F12FE4C00234576 /* Sources */ = {
			isa = PBXSourcesBuildPhase;
			buildActionMask = 2147483647;
			files = (
				8B27CF0B1F278B5900539118 /* QSCloudJob.swift in Sources */,
				8B50BDF41F13005D00234576 /* AppDelegate.swift in Sources */,
				8B50BDEF1F13005400234576 /* QSResult.swift in Sources */,
				8B50BDEE1F13005400234576 /* QSJob.swift in Sources */,
				8B50BDED1F13005400234576 /* QuickSortViewController.swift in Sources */,
				8B50BDEC1F13005400234576 /* QuickSort.swift in Sources */,
				8B50BDF01F13005400234576 /* QSTask.swift in Sources */,
			);
			runOnlyForDeploymentPostprocessing = 0;
		};
		8BD2759C1EBBFA1900C89F0F /* Sources */ = {
			isa = PBXSourcesBuildPhase;
			buildActionMask = 2147483647;
			files = (
			);
			runOnlyForDeploymentPostprocessing = 0;
		};
		8BD276201EBE09EF00C89F0F /* Sources */ = {
			isa = PBXSourcesBuildPhase;
			buildActionMask = 2147483647;
			files = (
				8B50BF941F15860400234576 /* MCResult.swift in Sources */,
				8B7A241E1EBE7F8300F936D7 /* DeviceProfiler.xcdatamodel in Sources */,
				8B335EF81F33C9A900695DDC /* StreamReader.swift in Sources */,
				8B50BF8E1F15860400234576 /* Cloudlet.swift in Sources */,
				8B50BF931F15860400234576 /* MCNode.swift in Sources */,
				8B50BF921F15860400234576 /* MCJob.swift in Sources */,
				8B50BF8F1F15860400234576 /* CloudletJob.swift in Sources */,
				8B50BF911F15860400234576 /* MCConfig.swift in Sources */,
				8B335EED1F327E5200695DDC /* FFT.swift in Sources */,
				8B50BFA21F15863300234576 /* Session.swift in Sources */,
				8B50BFA91F15866C00234576 /* mandelbrot.swift in Sources */,
				8B335EF71F33C9A000695DDC /* readTextFile.swift in Sources */,
				8B50BF951F15860400234576 /* MCTask.swift in Sources */,
				8B50BFA31F15863300234576 /* Transceiver.swift in Sources */,
				8B50BF981F15860400234576 /* NodesTableViewController.swift in Sources */,
				8B50BFAB1F15866C00234576 /* workloadResult.swift in Sources */,
				8B50BF901F15860400234576 /* MCCoding.swift in Sources */,
				8B50BFAA1F15866C00234576 /* workload.swift in Sources */,
				8B50BF971F15860400234576 /* MobileCloud.swift in Sources */,
				8B50BFA01F15863300234576 /* Advertiser.swift in Sources */,
				8B50BFA11F15863300234576 /* Browser.swift in Sources */,
				8B50BFAF1F15868E00234576 /* PeerKit.swift in Sources */,
				8B50BF9B1F15860400234576 /* Utils.swift in Sources */,
				8B50BFAC1F15866C00234576 /* workloadUnits.swift in Sources */,
				8B50BF961F15860400234576 /* MCTimer.swift in Sources */,
				8BA41C681EFD8B3A00CE6D07 /* SwiftEventBus.swift in Sources */,
				8B50BFB01F15868E00234576 /* PeerKit+cloudlet.swift in Sources */,
			);
			runOnlyForDeploymentPostprocessing = 0;
		};
/* End PBXSourcesBuildPhase section */

/* Begin PBXTargetDependency section */
		8B50BDC41F12FF7F00234576 /* PBXTargetDependency */ = {
			isa = PBXTargetDependency;
			target = 8BD275961EBBFA1900C89F0F /* MobileCloud */;
			targetProxy = 8B50BDC31F12FF7F00234576 /* PBXContainerItemProxy */;
		};
		8B50BDC91F12FF8300234576 /* PBXTargetDependency */ = {
			isa = PBXTargetDependency;
			target = 8BD275961EBBFA1900C89F0F /* MobileCloud */;
			targetProxy = 8B50BDC81F12FF8300234576 /* PBXContainerItemProxy */;
		};
		8BD275A31EBBFA1900C89F0F /* PBXTargetDependency */ = {
			isa = PBXTargetDependency;
			target = 8BD275961EBBFA1900C89F0F /* MobileCloud */;
			targetProxy = 8BD275A21EBBFA1900C89F0F /* PBXContainerItemProxy */;
		};
/* End PBXTargetDependency section */

/* Begin PBXVariantGroup section */
		8B50BDF71F13006A00234576 /* Main.storyboard */ = {
			isa = PBXVariantGroup;
			children = (
				8B50BDF81F13006A00234576 /* Base */,
			);
			name = Main.storyboard;
			sourceTree = "<group>";
		};
		8B50BDFA1F13007500234576 /* Main.storyboard */ = {
			isa = PBXVariantGroup;
			children = (
				8B50BDFB1F13007500234576 /* Base */,
			);
			name = Main.storyboard;
			sourceTree = "<group>";
		};
/* End PBXVariantGroup section */

/* Begin XCBuildConfiguration section */
		8B50BD8B1F12FD9400234576 /* Debug */ = {
			isa = XCBuildConfiguration;
			baseConfigurationReference = A5A5F983030BE5DAD06F2ECB /* Pods-SearchingExample.debug.xcconfig */;
			buildSettings = {
				ALWAYS_EMBED_SWIFT_STANDARD_LIBRARIES = YES;
				ASSETCATALOG_COMPILER_APPICON_NAME = AppIcon;
				DEVELOPMENT_TEAM = 2R8KNQM8C5;
				INFOPLIST_FILE = Examples/SearchingExample/Info.plist;
				IPHONEOS_DEPLOYMENT_TARGET = 10.3;
				LD_RUNPATH_SEARCH_PATHS = "$(inherited) @executable_path/Frameworks";
				OTHER_SWIFT_FLAGS = "-Ounchecked";
				PRODUCT_BUNDLE_IDENTIFIER = "uk.ac.st-andrews.cs.SearchingExample";
				PRODUCT_NAME = "$(TARGET_NAME)";
				SWIFT_VERSION = 3.0;
			};
			name = Debug;
		};
		8B50BD8C1F12FD9400234576 /* Release */ = {
			isa = XCBuildConfiguration;
			baseConfigurationReference = 0CFA6E7F767D2C35329807E4 /* Pods-SearchingExample.release.xcconfig */;
			buildSettings = {
				ALWAYS_EMBED_SWIFT_STANDARD_LIBRARIES = YES;
				ASSETCATALOG_COMPILER_APPICON_NAME = AppIcon;
				DEVELOPMENT_TEAM = 2R8KNQM8C5;
				INFOPLIST_FILE = Examples/SearchingExample/Info.plist;
				IPHONEOS_DEPLOYMENT_TARGET = 10.3;
				LD_RUNPATH_SEARCH_PATHS = "$(inherited) @executable_path/Frameworks";
				OTHER_SWIFT_FLAGS = "-Ounchecked";
				PRODUCT_BUNDLE_IDENTIFIER = "uk.ac.st-andrews.cs.SearchingExample";
				PRODUCT_NAME = "$(TARGET_NAME)";
				SWIFT_VERSION = 3.0;
			};
			name = Release;
		};
		8B50BDA21F12FE4C00234576 /* Debug */ = {
			isa = XCBuildConfiguration;
			baseConfigurationReference = EB7EAEA035A8359B51EDC9C9 /* Pods-SortingExample.debug.xcconfig */;
			buildSettings = {
				ALWAYS_EMBED_SWIFT_STANDARD_LIBRARIES = YES;
				ASSETCATALOG_COMPILER_APPICON_NAME = AppIcon;
				CLANG_ENABLE_MODULES = YES;
				DEVELOPMENT_TEAM = 2R8KNQM8C5;
				INFOPLIST_FILE = Examples/SortingExample/Info.plist;
				IPHONEOS_DEPLOYMENT_TARGET = 10.3;
				LD_RUNPATH_SEARCH_PATHS = "$(inherited) @executable_path/Frameworks";
				PRODUCT_BUNDLE_IDENTIFIER = "uk.ac.st-andrews.cs.SortingExample";
				PRODUCT_NAME = "$(TARGET_NAME)";
				SWIFT_OBJC_BRIDGING_HEADER = "";
				SWIFT_OPTIMIZATION_LEVEL = "-Onone";
				SWIFT_VERSION = 3.0;
			};
			name = Debug;
		};
		8B50BDA31F12FE4C00234576 /* Release */ = {
			isa = XCBuildConfiguration;
			baseConfigurationReference = 87F7E9BB88B3DD9DF31572AF /* Pods-SortingExample.release.xcconfig */;
			buildSettings = {
				ALWAYS_EMBED_SWIFT_STANDARD_LIBRARIES = YES;
				ASSETCATALOG_COMPILER_APPICON_NAME = AppIcon;
				CLANG_ENABLE_MODULES = YES;
				DEVELOPMENT_TEAM = 2R8KNQM8C5;
				INFOPLIST_FILE = Examples/SortingExample/Info.plist;
				IPHONEOS_DEPLOYMENT_TARGET = 10.3;
				LD_RUNPATH_SEARCH_PATHS = "$(inherited) @executable_path/Frameworks";
				PRODUCT_BUNDLE_IDENTIFIER = "uk.ac.st-andrews.cs.SortingExample";
				PRODUCT_NAME = "$(TARGET_NAME)";
				SWIFT_OBJC_BRIDGING_HEADER = "";
				SWIFT_VERSION = 3.0;
			};
			name = Release;
		};
		8BD275A91EBBFA1900C89F0F /* Debug */ = {
			isa = XCBuildConfiguration;
			buildSettings = {
				ALWAYS_SEARCH_USER_PATHS = NO;
				CLANG_ALLOW_NON_MODULAR_INCLUDES_IN_FRAMEWORK_MODULES = YES;
				CLANG_ANALYZER_NONNULL = YES;
				CLANG_ANALYZER_NUMBER_OBJECT_CONVERSION = YES_AGGRESSIVE;
				CLANG_CXX_LANGUAGE_STANDARD = "gnu++0x";
				CLANG_CXX_LIBRARY = "libc++";
				CLANG_ENABLE_MODULES = YES;
				CLANG_ENABLE_OBJC_ARC = YES;
				CLANG_WARN_BOOL_CONVERSION = YES;
				CLANG_WARN_CONSTANT_CONVERSION = YES;
				CLANG_WARN_DIRECT_OBJC_ISA_USAGE = YES_ERROR;
				CLANG_WARN_DOCUMENTATION_COMMENTS = YES;
				CLANG_WARN_EMPTY_BODY = YES;
				CLANG_WARN_ENUM_CONVERSION = YES;
				CLANG_WARN_INFINITE_RECURSION = YES;
				CLANG_WARN_INT_CONVERSION = YES;
				CLANG_WARN_OBJC_ROOT_CLASS = YES_ERROR;
				CLANG_WARN_SUSPICIOUS_MOVE = YES;
				CLANG_WARN_UNREACHABLE_CODE = YES;
				CLANG_WARN__DUPLICATE_METHOD_MATCH = YES;
				"CODE_SIGN_IDENTITY[sdk=iphoneos*]" = "iPhone Developer";
				COPY_PHASE_STRIP = NO;
				CURRENT_PROJECT_VERSION = 1;
				DEBUG_INFORMATION_FORMAT = dwarf;
				ENABLE_STRICT_OBJC_MSGSEND = YES;
				ENABLE_TESTABILITY = YES;
				GCC_C_LANGUAGE_STANDARD = gnu99;
				GCC_DYNAMIC_NO_PIC = NO;
				GCC_NO_COMMON_BLOCKS = YES;
				GCC_OPTIMIZATION_LEVEL = 0;
				GCC_PREPROCESSOR_DEFINITIONS = (
					"DEBUG=1",
					"$(inherited)",
				);
				GCC_WARN_64_TO_32_BIT_CONVERSION = YES;
				GCC_WARN_ABOUT_RETURN_TYPE = YES_ERROR;
				GCC_WARN_UNDECLARED_SELECTOR = YES;
				GCC_WARN_UNINITIALIZED_AUTOS = YES_AGGRESSIVE;
				GCC_WARN_UNUSED_FUNCTION = YES;
				GCC_WARN_UNUSED_VARIABLE = YES;
				IPHONEOS_DEPLOYMENT_TARGET = 9.0;
				MTL_ENABLE_DEBUG_INFO = YES;
				ONLY_ACTIVE_ARCH = YES;
				SDKROOT = iphoneos;
				SWIFT_ACTIVE_COMPILATION_CONDITIONS = DEBUG;
				SWIFT_OPTIMIZATION_LEVEL = "-Owholemodule";
				TARGETED_DEVICE_FAMILY = "1,2";
				VERSIONING_SYSTEM = "apple-generic";
				VERSION_INFO_PREFIX = "";
			};
			name = Debug;
		};
		8BD275AA1EBBFA1900C89F0F /* Release */ = {
			isa = XCBuildConfiguration;
			buildSettings = {
				ALWAYS_SEARCH_USER_PATHS = NO;
				CLANG_ALLOW_NON_MODULAR_INCLUDES_IN_FRAMEWORK_MODULES = YES;
				CLANG_ANALYZER_NONNULL = YES;
				CLANG_ANALYZER_NUMBER_OBJECT_CONVERSION = YES_AGGRESSIVE;
				CLANG_CXX_LANGUAGE_STANDARD = "gnu++0x";
				CLANG_CXX_LIBRARY = "libc++";
				CLANG_ENABLE_MODULES = YES;
				CLANG_ENABLE_OBJC_ARC = YES;
				CLANG_WARN_BOOL_CONVERSION = YES;
				CLANG_WARN_CONSTANT_CONVERSION = YES;
				CLANG_WARN_DIRECT_OBJC_ISA_USAGE = YES_ERROR;
				CLANG_WARN_DOCUMENTATION_COMMENTS = YES;
				CLANG_WARN_EMPTY_BODY = YES;
				CLANG_WARN_ENUM_CONVERSION = YES;
				CLANG_WARN_INFINITE_RECURSION = YES;
				CLANG_WARN_INT_CONVERSION = YES;
				CLANG_WARN_OBJC_ROOT_CLASS = YES_ERROR;
				CLANG_WARN_SUSPICIOUS_MOVE = YES;
				CLANG_WARN_UNREACHABLE_CODE = YES;
				CLANG_WARN__DUPLICATE_METHOD_MATCH = YES;
				"CODE_SIGN_IDENTITY[sdk=iphoneos*]" = "iPhone Developer";
				COPY_PHASE_STRIP = NO;
				CURRENT_PROJECT_VERSION = 1;
				DEBUG_INFORMATION_FORMAT = "dwarf-with-dsym";
				ENABLE_NS_ASSERTIONS = NO;
				ENABLE_STRICT_OBJC_MSGSEND = YES;
				GCC_C_LANGUAGE_STANDARD = gnu99;
				GCC_NO_COMMON_BLOCKS = YES;
				GCC_WARN_64_TO_32_BIT_CONVERSION = YES;
				GCC_WARN_ABOUT_RETURN_TYPE = YES_ERROR;
				GCC_WARN_UNDECLARED_SELECTOR = YES;
				GCC_WARN_UNINITIALIZED_AUTOS = YES_AGGRESSIVE;
				GCC_WARN_UNUSED_FUNCTION = YES;
				GCC_WARN_UNUSED_VARIABLE = YES;
				IPHONEOS_DEPLOYMENT_TARGET = 9.0;
				MTL_ENABLE_DEBUG_INFO = NO;
				SDKROOT = iphoneos;
				SWIFT_OPTIMIZATION_LEVEL = "-Owholemodule";
				TARGETED_DEVICE_FAMILY = "1,2";
				VALIDATE_PRODUCT = YES;
				VERSIONING_SYSTEM = "apple-generic";
				VERSION_INFO_PREFIX = "";
			};
			name = Release;
		};
		8BD275AC1EBBFA1900C89F0F /* Debug */ = {
			isa = XCBuildConfiguration;
			baseConfigurationReference = 2375701CB46C31BD28504B98 /* Pods-MobileCloud.debug.xcconfig */;
			buildSettings = {
				CLANG_ALLOW_NON_MODULAR_INCLUDES_IN_FRAMEWORK_MODULES = YES;
				CLANG_ENABLE_MODULES = YES;
				CODE_SIGN_IDENTITY = "";
				DEFINES_MODULE = YES;
				DEVELOPMENT_TEAM = 2R8KNQM8C5;
				DYLIB_COMPATIBILITY_VERSION = 1;
				DYLIB_CURRENT_VERSION = 1;
				DYLIB_INSTALL_NAME_BASE = "@rpath";
				INFOPLIST_FILE = "$(SRCROOT)/MobileCloud/Info.plist";
				INSTALL_PATH = "$(LOCAL_LIBRARY_DIR)/Frameworks";
				LD_RUNPATH_SEARCH_PATHS = "$(inherited) @executable_path/Frameworks @loader_path/Frameworks";
				OTHER_SWIFT_FLAGS = "-Ounchecked";
				PRODUCT_BUNDLE_IDENTIFIER = "uk.ac.st-andrews.cs.MobileCloud";
				PRODUCT_NAME = "$(TARGET_NAME)";
				SKIP_INSTALL = YES;
				SWIFT_OBJC_BRIDGING_HEADER = "";
				SWIFT_OPTIMIZATION_LEVEL = "-Onone";
				SWIFT_VERSION = 3.0;
			};
			name = Debug;
		};
		8BD275AD1EBBFA1900C89F0F /* Release */ = {
			isa = XCBuildConfiguration;
			baseConfigurationReference = B1D2E06FE2EC3B4F13261DB4 /* Pods-MobileCloud.release.xcconfig */;
			buildSettings = {
				CLANG_ALLOW_NON_MODULAR_INCLUDES_IN_FRAMEWORK_MODULES = YES;
				CLANG_ENABLE_MODULES = YES;
				CODE_SIGN_IDENTITY = "";
				DEFINES_MODULE = YES;
				DEVELOPMENT_TEAM = 2R8KNQM8C5;
				DYLIB_COMPATIBILITY_VERSION = 1;
				DYLIB_CURRENT_VERSION = 1;
				DYLIB_INSTALL_NAME_BASE = "@rpath";
				INFOPLIST_FILE = "$(SRCROOT)/MobileCloud/Info.plist";
				INSTALL_PATH = "$(LOCAL_LIBRARY_DIR)/Frameworks";
				LD_RUNPATH_SEARCH_PATHS = "$(inherited) @executable_path/Frameworks @loader_path/Frameworks";
				OTHER_SWIFT_FLAGS = "-Ounchecked";
				PRODUCT_BUNDLE_IDENTIFIER = "uk.ac.st-andrews.cs.MobileCloud";
				PRODUCT_NAME = "$(TARGET_NAME)";
				SKIP_INSTALL = YES;
				SWIFT_OBJC_BRIDGING_HEADER = "";
				SWIFT_VERSION = 3.0;
			};
			name = Release;
		};
		8BD275AF1EBBFA1900C89F0F /* Debug */ = {
			isa = XCBuildConfiguration;
			baseConfigurationReference = 2DF5E9D58B3822EDCCDD1056 /* Pods-MobileCloudTests.debug.xcconfig */;
			buildSettings = {
				ALWAYS_EMBED_SWIFT_STANDARD_LIBRARIES = YES;
				DEVELOPMENT_TEAM = 2R8KNQM8C5;
				INFOPLIST_FILE = MobileCloudTests/Info.plist;
				LD_RUNPATH_SEARCH_PATHS = "$(inherited) @executable_path/Frameworks @loader_path/Frameworks";
				PRODUCT_BUNDLE_IDENTIFIER = "uk.ac.st-andrews.cs.MobileCloudTests";
				PRODUCT_NAME = "$(TARGET_NAME)";
				SWIFT_VERSION = 3.0;
			};
			name = Debug;
		};
		8BD275B01EBBFA1900C89F0F /* Release */ = {
			isa = XCBuildConfiguration;
			baseConfigurationReference = F38078D27559B8E2B3F78ACC /* Pods-MobileCloudTests.release.xcconfig */;
			buildSettings = {
				ALWAYS_EMBED_SWIFT_STANDARD_LIBRARIES = YES;
				DEVELOPMENT_TEAM = 2R8KNQM8C5;
				INFOPLIST_FILE = MobileCloudTests/Info.plist;
				LD_RUNPATH_SEARCH_PATHS = "$(inherited) @executable_path/Frameworks @loader_path/Frameworks";
				PRODUCT_BUNDLE_IDENTIFIER = "uk.ac.st-andrews.cs.MobileCloudTests";
				PRODUCT_NAME = "$(TARGET_NAME)";
				SWIFT_VERSION = 3.0;
			};
			name = Release;
		};
/* End XCBuildConfiguration section */

/* Begin XCConfigurationList section */
		8B50BD8D1F12FD9400234576 /* Build configuration list for PBXNativeTarget "SearchingExample" */ = {
			isa = XCConfigurationList;
			buildConfigurations = (
				8B50BD8B1F12FD9400234576 /* Debug */,
				8B50BD8C1F12FD9400234576 /* Release */,
			);
			defaultConfigurationIsVisible = 0;
			defaultConfigurationName = Release;
		};
		8B50BDA11F12FE4C00234576 /* Build configuration list for PBXNativeTarget "SortingExample" */ = {
			isa = XCConfigurationList;
			buildConfigurations = (
				8B50BDA21F12FE4C00234576 /* Debug */,
				8B50BDA31F12FE4C00234576 /* Release */,
			);
			defaultConfigurationIsVisible = 0;
			defaultConfigurationName = Release;
		};
		8BD275911EBBFA1900C89F0F /* Build configuration list for PBXProject "MobileCloud" */ = {
			isa = XCConfigurationList;
			buildConfigurations = (
				8BD275A91EBBFA1900C89F0F /* Debug */,
				8BD275AA1EBBFA1900C89F0F /* Release */,
			);
			defaultConfigurationIsVisible = 0;
			defaultConfigurationName = Release;
		};
		8BD275AB1EBBFA1900C89F0F /* Build configuration list for PBXNativeTarget "MobileCloud" */ = {
			isa = XCConfigurationList;
			buildConfigurations = (
				8BD275AC1EBBFA1900C89F0F /* Debug */,
				8BD275AD1EBBFA1900C89F0F /* Release */,
			);
			defaultConfigurationIsVisible = 0;
			defaultConfigurationName = Release;
		};
		8BD275AE1EBBFA1900C89F0F /* Build configuration list for PBXNativeTarget "MobileCloudTests" */ = {
			isa = XCConfigurationList;
			buildConfigurations = (
				8BD275AF1EBBFA1900C89F0F /* Debug */,
				8BD275B01EBBFA1900C89F0F /* Release */,
			);
			defaultConfigurationIsVisible = 0;
			defaultConfigurationName = Release;
		};
/* End XCConfigurationList section */
	};
	rootObject = 8BD2758E1EBBFA1900C89F0F /* Project object */;
}
